
Microsoft Visual Studio Solution File, Format Version 12.00
# Visual Studio 15
VisualStudioVersion = 15.0.27004.2002
MinimumVisualStudioVersion = 10.0.40219.1
Project("{FAE04EC0-301F-11D3-BF4B-00C04F79EFBC}") = "BackendIW", "BackendIW\BackendIW.csproj", "{EA2101AE-B04D-48E3-A4AC-99F104DBCB02}"
EndProject
Project("{FAE04EC0-301F-11D3-BF4B-00C04F79EFBC}") = "BackendIW.Tests", "BackendIW.Tests\BackendIW.Tests.csproj", "{7B41D695-3008-46AD-AEE2-36A87EE5BF15}"
EndProject
Global
	GlobalSection(SolutionConfigurationPlatforms) = preSolution
		Debug|Any CPU = Debug|Any CPU
		Release|Any CPU = Release|Any CPU
	EndGlobalSection
	GlobalSection(ProjectConfigurationPlatforms) = postSolution
		{EA2101AE-B04D-48E3-A4AC-99F104DBCB02}.Debug|Any CPU.ActiveCfg = Debug|Any CPU
		{EA2101AE-B04D-48E3-A4AC-99F104DBCB02}.Debug|Any CPU.Build.0 = Debug|Any CPU
		{EA2101AE-B04D-48E3-A4AC-99F104DBCB02}.Release|Any CPU.ActiveCfg = Release|Any CPU
		{EA2101AE-B04D-48E3-A4AC-99F104DBCB02}.Release|Any CPU.Build.0 = Release|Any CPU
		{7B41D695-3008-46AD-AEE2-36A87EE5BF15}.Debug|Any CPU.ActiveCfg = Debug|Any CPU
		{7B41D695-3008-46AD-AEE2-36A87EE5BF15}.Debug|Any CPU.Build.0 = Debug|Any CPU
		{7B41D695-3008-46AD-AEE2-36A87EE5BF15}.Release|Any CPU.ActiveCfg = Release|Any CPU
		{7B41D695-3008-46AD-AEE2-36A87EE5BF15}.Release|Any CPU.Build.0 = Release|Any CPU
	EndGlobalSection
	GlobalSection(SolutionProperties) = preSolution
		HideSolutionNode = FALSE
	EndGlobalSection
	GlobalSection(ExtensibilityGlobals) = postSolution
		SolutionGuid = {1EE806B4-D2BD-43C7-BEF1-E8B946B120BA}
	EndGlobalSection
EndGlobal
